
Microsoft Visual Studio Solution File, Format Version 12.00
# Visual Studio Version 17
VisualStudioVersion = 17.8.34309.116
MinimumVisualStudioVersion = 10.0.40219.1
Project("{9A19103F-16F7-4668-BE54-9A1E7A4F7556}") = "TourProject", "TourProject.csproj", "{3302F48C-6533-4CDA-9579-D2622D57F66D}"
EndProject
Project("{9A19103F-16F7-4668-BE54-9A1E7A4F7556}") = "EntityLayer", "..\EntityLayer\EntityLayer.csproj", "{31046FCD-E965-4935-91FE-5D395219716B}"
EndProject
Project("{9A19103F-16F7-4668-BE54-9A1E7A4F7556}") = "DataAccessLayer", "..\DataAccessLayer\DataAccessLayer.csproj", "{4DC29A86-A4F2-43E8-9C6C-E631D7C31763}"
EndProject
Project("{9A19103F-16F7-4668-BE54-9A1E7A4F7556}") = "BusinessLayer", "..\BusinessLayer\BusinessLayer.csproj", "{7451D7DA-164A-4AD5-A93D-83D841197E08}"
EndProject
Global
	GlobalSection(SolutionConfigurationPlatforms) = preSolution
		Debug|Any CPU = Debug|Any CPU
		Release|Any CPU = Release|Any CPU
	EndGlobalSection
	GlobalSection(ProjectConfigurationPlatforms) = postSolution
		{3302F48C-6533-4CDA-9579-D2622D57F66D}.Debug|Any CPU.ActiveCfg = Debug|Any CPU
		{3302F48C-6533-4CDA-9579-D2622D57F66D}.Debug|Any CPU.Build.0 = Debug|Any CPU
		{3302F48C-6533-4CDA-9579-D2622D57F66D}.Release|Any CPU.ActiveCfg = Release|Any CPU
		{3302F48C-6533-4CDA-9579-D2622D57F66D}.Release|Any CPU.Build.0 = Release|Any CPU
		{31046FCD-E965-4935-91FE-5D395219716B}.Debug|Any CPU.ActiveCfg = Debug|Any CPU
		{31046FCD-E965-4935-91FE-5D395219716B}.Debug|Any CPU.Build.0 = Debug|Any CPU
		{31046FCD-E965-4935-91FE-5D395219716B}.Release|Any CPU.ActiveCfg = Release|Any CPU
		{31046FCD-E965-4935-91FE-5D395219716B}.Release|Any CPU.Build.0 = Release|Any CPU
		{4DC29A86-A4F2-43E8-9C6C-E631D7C31763}.Debug|Any CPU.ActiveCfg = Debug|Any CPU
		{4DC29A86-A4F2-43E8-9C6C-E631D7C31763}.Debug|Any CPU.Build.0 = Debug|Any CPU
		{4DC29A86-A4F2-43E8-9C6C-E631D7C31763}.Release|Any CPU.ActiveCfg = Release|Any CPU
		{4DC29A86-A4F2-43E8-9C6C-E631D7C31763}.Release|Any CPU.Build.0 = Release|Any CPU
		{7451D7DA-164A-4AD5-A93D-83D841197E08}.Debug|Any CPU.ActiveCfg = Debug|Any CPU
		{7451D7DA-164A-4AD5-A93D-83D841197E08}.Debug|Any CPU.Build.0 = Debug|Any CPU
		{7451D7DA-164A-4AD5-A93D-83D841197E08}.Release|Any CPU.ActiveCfg = Release|Any CPU
		{7451D7DA-164A-4AD5-A93D-83D841197E08}.Release|Any CPU.Build.0 = Release|Any CPU
	EndGlobalSection
	GlobalSection(SolutionProperties) = preSolution
		HideSolutionNode = FALSE
	EndGlobalSection
	GlobalSection(ExtensibilityGlobals) = postSolution
		SolutionGuid = {4D68A74E-1FE1-444F-993A-0CEC0788ADAF}
	EndGlobalSection
EndGlobal
